# THIS IS AN AUTOGENERATED FILE. DO NOT EDIT THIS FILE DIRECTLY.
# yarn lockfile v1


"@types/arcgis-js-api@^4.10.0":
  version "4.10.0"
  resolved "https://registry.yarnpkg.com/@types/arcgis-js-api/-/arcgis-js-api-4.10.0.tgz#0e702500904e473e57a2d6d4bdae179bf07fe676"
  integrity sha512-r8Ax7+s0+VbUw+dwROFFmdhLTeKBwECWIQQecTGDRR9VY02m8qVH++gZio52p5Av7DJi7IaYrwY3U5eU2brkxA==
